
Microsoft Visual Studio Solution File, Format Version 12.00
# Visual Studio Version 16
VisualStudioVersion = 16.0.29613.14
MinimumVisualStudioVersion = 10.0.40219.1
Project("{FAE04EC0-301F-11D3-BF4B-00C04F79EFBC}") = "SalesWebMvcPI", "SalesWebMvcPI\SalesWebMvcPI.csproj", "{AD8E2453-F0BF-4E44-8DFA-D1F2F9D96E44}"
EndProject
Global
	GlobalSection(SolutionConfigurationPlatforms) = preSolution
		Debug|Any CPU = Debug|Any CPU
		Release|Any CPU = Release|Any CPU
	EndGlobalSection
	GlobalSection(ProjectConfigurationPlatforms) = postSolution
		{AD8E2453-F0BF-4E44-8DFA-D1F2F9D96E44}.Debug|Any CPU.ActiveCfg = Debug|Any CPU
		{AD8E2453-F0BF-4E44-8DFA-D1F2F9D96E44}.Debug|Any CPU.Build.0 = Debug|Any CPU
		{AD8E2453-F0BF-4E44-8DFA-D1F2F9D96E44}.Release|Any CPU.ActiveCfg = Release|Any CPU
		{AD8E2453-F0BF-4E44-8DFA-D1F2F9D96E44}.Release|Any CPU.Build.0 = Release|Any CPU
	EndGlobalSection
	GlobalSection(SolutionProperties) = preSolution
		HideSolutionNode = FALSE
	EndGlobalSection
	GlobalSection(ExtensibilityGlobals) = postSolution
		SolutionGuid = {D64E725D-9EEE-4B3E-8240-65CDB8E9A0F1}
	EndGlobalSection
EndGlobal
